// !$*UTF8*$!
{
	archiveVersion = 1;
	classes = {
	};
	objectVersion = 46;
	objects = {

/* Begin PBXBuildFile section */
		47AF1CF31995E8CF00834684 /* Foundation.framework in Frameworks */ = {isa = PBXBuildFile; fileRef = 47AF1CD91995E80600834684 /* Foundation.framework */; };
		47AF1D0C1995EB2A00834684 /* main.m in Sources */ = {isa = PBXBuildFile; fileRef = 47AF1D0B1995EB1E00834684 /* main.m */; };
		47AF1D151995EB7C00834684 /* BaseDao.m in Sources */ = {isa = PBXBuildFile; fileRef = 47AF1D0F1995EB7C00834684 /* BaseDao.m */; };
		47AF1D161995EB7C00834684 /* FMDBTempDBTests.m in Sources */ = {isa = PBXBuildFile; fileRef = 47AF1D121995EB7C00834684 /* FMDBTempDBTests.m */; };
		47AF1D171995EB7C00834684 /* NSObject+Property.m in Sources */ = {isa = PBXBuildFile; fileRef = 47AF1D141995EB7C00834684 /* NSObject+Property.m */; };
		47AF1D321995EDA300834684 /* XCTest.framework in Frameworks */ = {isa = PBXBuildFile; fileRef = 47AF1D1D1995EB8F00834684 /* XCTest.framework */; };
		47AF1D381995EDA300834684 /* InfoPlist.strings in Resources */ = {isa = PBXBuildFile; fileRef = 47AF1D361995EDA300834684 /* InfoPlist.strings */; };
		47AF1D3A1995EDA300834684 /* MyTests.m in Sources */ = {isa = PBXBuildFile; fileRef = 47AF1D391995EDA300834684 /* MyTests.m */; };
		47AF1D431995EE4700834684 /* DataBaseHandler.m in Sources */ = {isa = PBXBuildFile; fileRef = 47AF1D421995EE4700834684 /* DataBaseHandler.m */; };
/* End PBXBuildFile section */

/* Begin PBXContainerItemProxy section */
		47AF1D3C1995EDA300834684 /* PBXContainerItemProxy */ = {
			isa = PBXContainerItemProxy;
			containerPortal = 47AF1CCE1995E80500834684 /* Project object */;
			proxyType = 1;
			remoteGlobalIDString = 47AF1CF11995E8CF00834684;
			remoteInfo = FMDBOrmHandler;
		};
/* End PBXContainerItemProxy section */

/* Begin PBXCopyFilesBuildPhase section */
		47AF1CF01995E8CF00834684 /* CopyFiles */ = {
			isa = PBXCopyFilesBuildPhase;
			buildActionMask = 2147483647;
			dstPath = /usr/share/man/man1/;
			dstSubfolderSpec = 0;
			files = (
			);
			runOnlyForDeploymentPostprocessing = 1;
		};
/* End PBXCopyFilesBuildPhase section */

/* Begin PBXFileReference section */
		47AF1CD91995E80600834684 /* Foundation.framework */ = {isa = PBXFileReference; lastKnownFileType = wrapper.framework; name = Foundation.framework; path = System/Library/Frameworks/Foundation.framework; sourceTree = SDKROOT; };
		47AF1CF21995E8CF00834684 /* FMDBOrmHandler */ = {isa = PBXFileReference; explicitFileType = "compiled.mach-o.executable"; includeInIndex = 0; path = FMDBOrmHandler; sourceTree = BUILT_PRODUCTS_DIR; };
		47AF1D091995EB1E00834684 /* FMDBOrmHandler-Prefix.pch */ = {isa = PBXFileReference; lastKnownFileType = sourcecode.c.h; path = "FMDBOrmHandler-Prefix.pch"; sourceTree = "<group>"; };
		47AF1D0A1995EB1E00834684 /* FMDBOrmHandler.1 */ = {isa = PBXFileReference; lastKnownFileType = text.man; path = FMDBOrmHandler.1; sourceTree = "<group>"; };
		47AF1D0B1995EB1E00834684 /* main.m */ = {isa = PBXFileReference; lastKnownFileType = sourcecode.c.objc; path = main.m; sourceTree = "<group>"; };
		47AF1D0E1995EB7C00834684 /* BaseDao.h */ = {isa = PBXFileReference; fileEncoding = 4; lastKnownFileType = sourcecode.c.h; path = BaseDao.h; sourceTree = "<group>"; };
		47AF1D0F1995EB7C00834684 /* BaseDao.m */ = {isa = PBXFileReference; fileEncoding = 4; lastKnownFileType = sourcecode.c.objc; path = BaseDao.m; sourceTree = "<group>"; };
		47AF1D101995EB7C00834684 /* DBModelProtocol.h */ = {isa = PBXFileReference; fileEncoding = 4; lastKnownFileType = sourcecode.c.h; path = DBModelProtocol.h; sourceTree = "<group>"; };
		47AF1D111995EB7C00834684 /* FMDBTempDBTests.h */ = {isa = PBXFileReference; fileEncoding = 4; lastKnownFileType = sourcecode.c.h; path = FMDBTempDBTests.h; sourceTree = "<group>"; };
		47AF1D121995EB7C00834684 /* FMDBTempDBTests.m */ = {isa = PBXFileReference; fileEncoding = 4; lastKnownFileType = sourcecode.c.objc; path = FMDBTempDBTests.m; sourceTree = "<group>"; };
		47AF1D131995EB7C00834684 /* NSObject+Property.h */ = {isa = PBXFileReference; fileEncoding = 4; lastKnownFileType = sourcecode.c.h; path = "NSObject+Property.h"; sourceTree = "<group>"; };
		47AF1D141995EB7C00834684 /* NSObject+Property.m */ = {isa = PBXFileReference; fileEncoding = 4; lastKnownFileType = sourcecode.c.objc; path = "NSObject+Property.m"; sourceTree = "<group>"; };
		47AF1D1D1995EB8F00834684 /* XCTest.framework */ = {isa = PBXFileReference; lastKnownFileType = wrapper.framework; name = XCTest.framework; path = Library/Frameworks/XCTest.framework; sourceTree = DEVELOPER_DIR; };
		47AF1D311995EDA300834684 /* MyTests.xctest */ = {isa = PBXFileReference; explicitFileType = wrapper.cfbundle; includeInIndex = 0; path = MyTests.xctest; sourceTree = BUILT_PRODUCTS_DIR; };
		47AF1D351995EDA300834684 /* MyTests-Info.plist */ = {isa = PBXFileReference; lastKnownFileType = text.plist.xml; path = "MyTests-Info.plist"; sourceTree = "<group>"; };
		47AF1D371995EDA300834684 /* en */ = {isa = PBXFileReference; lastKnownFileType = text.plist.strings; name = en; path = en.lproj/InfoPlist.strings; sourceTree = "<group>"; };
		47AF1D391995EDA300834684 /* MyTests.m */ = {isa = PBXFileReference; lastKnownFileType = sourcecode.c.objc; path = MyTests.m; sourceTree = "<group>"; };
		47AF1D3B1995EDA300834684 /* MyTests-Prefix.pch */ = {isa = PBXFileReference; lastKnownFileType = sourcecode.c.h; path = "MyTests-Prefix.pch"; sourceTree = "<group>"; };
		47AF1D411995EE4700834684 /* DataBaseHandler.h */ = {isa = PBXFileReference; fileEncoding = 4; lastKnownFileType = sourcecode.c.h; path = DataBaseHandler.h; sourceTree = "<group>"; };
		47AF1D421995EE4700834684 /* DataBaseHandler.m */ = {isa = PBXFileReference; fileEncoding = 4; lastKnownFileType = sourcecode.c.objc; path = DataBaseHandler.m; sourceTree = "<group>"; };
/* End PBXFileReference section */

/* Begin PBXFrameworksBuildPhase section */
		47AF1CEF1995E8CF00834684 /* Frameworks */ = {
			isa = PBXFrameworksBuildPhase;
			buildActionMask = 2147483647;
			files = (
				47AF1CF31995E8CF00834684 /* Foundation.framework in Frameworks */,
			);
			runOnlyForDeploymentPostprocessing = 0;
		};
		47AF1D2E1995EDA300834684 /* Frameworks */ = {
			isa = PBXFrameworksBuildPhase;
			buildActionMask = 2147483647;
			files = (
				47AF1D321995EDA300834684 /* XCTest.framework in Frameworks */,
			);
			runOnlyForDeploymentPostprocessing = 0;
		};
/* End PBXFrameworksBuildPhase section */

/* Begin PBXGroup section */
		47AF1CCD1995E80500834684 = {
			isa = PBXGroup;
			children = (
				47AF1CE81995E85200834684 /* src */,
				47AF1D331995EDA300834684 /* MyTests */,
				47AF1CD81995E80600834684 /* Frameworks */,
				47AF1CD71995E80600834684 /* Products */,
			);
			sourceTree = "<group>";
		};
		47AF1CD71995E80600834684 /* Products */ = {
			isa = PBXGroup;
			children = (
				47AF1CF21995E8CF00834684 /* FMDBOrmHandler */,
				47AF1D311995EDA300834684 /* MyTests.xctest */,
			);
			name = Products;
			sourceTree = "<group>";
		};
		47AF1CD81995E80600834684 /* Frameworks */ = {
			isa = PBXGroup;
			children = (
				47AF1CD91995E80600834684 /* Foundation.framework */,
				47AF1D1D1995EB8F00834684 /* XCTest.framework */,
			);
			name = Frameworks;
			sourceTree = "<group>";
		};
		47AF1CE81995E85200834684 /* src */ = {
			isa = PBXGroup;
			children = (
				47AF1D0D1995EB7C00834684 /* FMDBOrmHandler */,
				47AF1D081995EB1E00834684 /* sample */,
			);
			path = src;
			sourceTree = "<group>";
		};
		47AF1D081995EB1E00834684 /* sample */ = {
			isa = PBXGroup;
			children = (
				47AF1D091995EB1E00834684 /* FMDBOrmHandler-Prefix.pch */,
				47AF1D0A1995EB1E00834684 /* FMDBOrmHandler.1 */,
				47AF1D0B1995EB1E00834684 /* main.m */,
			);
			path = sample;
			sourceTree = "<group>";
		};
		47AF1D0D1995EB7C00834684 /* FMDBOrmHandler */ = {
			isa = PBXGroup;
			children = (
				47AF1D411995EE4700834684 /* DataBaseHandler.h */,
				47AF1D421995EE4700834684 /* DataBaseHandler.m */,
				47AF1D0E1995EB7C00834684 /* BaseDao.h */,
				47AF1D0F1995EB7C00834684 /* BaseDao.m */,
				47AF1D101995EB7C00834684 /* DBModelProtocol.h */,
				47AF1D111995EB7C00834684 /* FMDBTempDBTests.h */,
				47AF1D121995EB7C00834684 /* FMDBTempDBTests.m */,
				47AF1D131995EB7C00834684 /* NSObject+Property.h */,
				47AF1D141995EB7C00834684 /* NSObject+Property.m */,
			);
			path = FMDBOrmHandler;
			sourceTree = "<group>";
		};
		47AF1D331995EDA300834684 /* MyTests */ = {
			isa = PBXGroup;
			children = (
				47AF1D391995EDA300834684 /* MyTests.m */,
				47AF1D341995EDA300834684 /* Supporting Files */,
			);
			path = MyTests;
			sourceTree = "<group>";
		};
		47AF1D341995EDA300834684 /* Supporting Files */ = {
			isa = PBXGroup;
			children = (
				47AF1D351995EDA300834684 /* MyTests-Info.plist */,
				47AF1D361995EDA300834684 /* InfoPlist.strings */,
				47AF1D3B1995EDA300834684 /* MyTests-Prefix.pch */,
			);
			name = "Supporting Files";
			sourceTree = "<group>";
		};
/* End PBXGroup section */

/* Begin PBXNativeTarget section */
		47AF1CF11995E8CF00834684 /* FMDBOrmHandler */ = {
			isa = PBXNativeTarget;
			buildConfigurationList = 47AF1CFB1995E8CF00834684 /* Build configuration list for PBXNativeTarget "FMDBOrmHandler" */;
			buildPhases = (
				47AF1CEE1995E8CF00834684 /* Sources */,
				47AF1CEF1995E8CF00834684 /* Frameworks */,
				47AF1CF01995E8CF00834684 /* CopyFiles */,
			);
			buildRules = (
			);
			dependencies = (
			);
			name = FMDBOrmHandler;
			productName = FMDBOrmHandler;
			productReference = 47AF1CF21995E8CF00834684 /* FMDBOrmHandler */;
			productType = "com.apple.product-type.tool";
		};
		47AF1D301995EDA300834684 /* MyTests */ = {
			isa = PBXNativeTarget;
			buildConfigurationList = 47AF1D3E1995EDA300834684 /* Build configuration list for PBXNativeTarget "MyTests" */;
			buildPhases = (
				47AF1D2D1995EDA300834684 /* Sources */,
				47AF1D2E1995EDA300834684 /* Frameworks */,
				47AF1D2F1995EDA300834684 /* Resources */,
			);
			buildRules = (
			);
			dependencies = (
				47AF1D3D1995EDA300834684 /* PBXTargetDependency */,
			);
			name = MyTests;
			productName = MyTests;
			productReference = 47AF1D311995EDA300834684 /* MyTests.xctest */;
			productType = "com.apple.product-type.bundle.unit-test";
		};
/* End PBXNativeTarget section */

/* Begin PBXProject section */
		47AF1CCE1995E80500834684 /* Project object */ = {
			isa = PBXProject;
			attributes = {
				LastUpgradeCheck = 0510;
				ORGANIZATIONNAME = happy;
				TargetAttributes = {
					47AF1D301995EDA300834684 = {
						TestTargetID = 47AF1CF11995E8CF00834684;
					};
				};
			};
			buildConfigurationList = 47AF1CD11995E80500834684 /* Build configuration list for PBXProject "FMDBOrmHandler" */;
			compatibilityVersion = "Xcode 3.2";
			developmentRegion = English;
			hasScannedForEncodings = 0;
			knownRegions = (
				en,
			);
			mainGroup = 47AF1CCD1995E80500834684;
			productRefGroup = 47AF1CD71995E80600834684 /* Products */;
			projectDirPath = "";
			projectRoot = "";
			targets = (
				47AF1CF11995E8CF00834684 /* FMDBOrmHandler */,
				47AF1D301995EDA300834684 /* MyTests */,
			);
		};
/* End PBXProject section */

/* Begin PBXResourcesBuildPhase section */
		47AF1D2F1995EDA300834684 /* Resources */ = {
			isa = PBXResourcesBuildPhase;
			buildActionMask = 2147483647;
			files = (
				47AF1D381995EDA300834684 /* InfoPlist.strings in Resources */,
			);
			runOnlyForDeploymentPostprocessing = 0;
		};
/* End PBXResourcesBuildPhase section */

/* Begin PBXSourcesBuildPhase section */
		47AF1CEE1995E8CF00834684 /* Sources */ = {
			isa = PBXSourcesBuildPhase;
			buildActionMask = 2147483647;
			files = (
				47AF1D0C1995EB2A00834684 /* main.m in Sources */,
				47AF1D431995EE4700834684 /* DataBaseHandler.m in Sources */,
				47AF1D151995EB7C00834684 /* BaseDao.m in Sources */,
				47AF1D171995EB7C00834684 /* NSObject+Property.m in Sources */,
				47AF1D161995EB7C00834684 /* FMDBTempDBTests.m in Sources */,
			);
			runOnlyForDeploymentPostprocessing = 0;
		};
		47AF1D2D1995EDA300834684 /* Sources */ = {
			isa = PBXSourcesBuildPhase;
			buildActionMask = 2147483647;
			files = (
				47AF1D3A1995EDA300834684 /* MyTests.m in Sources */,
			);
			runOnlyForDeploymentPostprocessing = 0;
		};
/* End PBXSourcesBuildPhase section */

/* Begin PBXTargetDependency section */
		47AF1D3D1995EDA300834684 /* PBXTargetDependency */ = {
			isa = PBXTargetDependency;
			target = 47AF1CF11995E8CF00834684 /* FMDBOrmHandler */;
			targetProxy = 47AF1D3C1995EDA300834684 /* PBXContainerItemProxy */;
		};
/* End PBXTargetDependency section */

/* Begin PBXVariantGroup section */
		47AF1D361995EDA300834684 /* InfoPlist.strings */ = {
			isa = PBXVariantGroup;
			children = (
				47AF1D371995EDA300834684 /* en */,
			);
			name = InfoPlist.strings;
			sourceTree = "<group>";
		};
/* End PBXVariantGroup section */

/* Begin XCBuildConfiguration section */
		47AF1CE21995E80600834684 /* Debug */ = {
			isa = XCBuildConfiguration;
			buildSettings = {
				ALWAYS_SEARCH_USER_PATHS = NO;
				CLANG_CXX_LANGUAGE_STANDARD = "gnu++0x";
				CLANG_CXX_LIBRARY = "libc++";
				CLANG_ENABLE_MODULES = YES;
				CLANG_ENABLE_OBJC_ARC = YES;
				CLANG_WARN_BOOL_CONVERSION = YES;
				CLANG_WARN_CONSTANT_CONVERSION = YES;
				CLANG_WARN_DIRECT_OBJC_ISA_USAGE = YES_ERROR;
				CLANG_WARN_EMPTY_BODY = YES;
				CLANG_WARN_ENUM_CONVERSION = YES;
				CLANG_WARN_INT_CONVERSION = YES;
				CLANG_WARN_OBJC_ROOT_CLASS = YES_ERROR;
				CLANG_WARN__DUPLICATE_METHOD_MATCH = YES;
				COPY_PHASE_STRIP = NO;
				GCC_C_LANGUAGE_STANDARD = gnu99;
				GCC_DYNAMIC_NO_PIC = NO;
				GCC_ENABLE_OBJC_EXCEPTIONS = YES;
				GCC_OPTIMIZATION_LEVEL = 0;
				GCC_PREPROCESSOR_DEFINITIONS = (
					"DEBUG=1",
					"$(inherited)",
				);
				GCC_SYMBOLS_PRIVATE_EXTERN = NO;
				GCC_WARN_64_TO_32_BIT_CONVERSION = YES;
				GCC_WARN_ABOUT_RETURN_TYPE = YES_ERROR;
				GCC_WARN_UNDECLARED_SELECTOR = YES;
				GCC_WARN_UNINITIALIZED_AUTOS = YES_AGGRESSIVE;
				GCC_WARN_UNUSED_FUNCTION = YES;
				GCC_WARN_UNUSED_VARIABLE = YES;
				MACOSX_DEPLOYMENT_TARGET = 10.9;
				ONLY_ACTIVE_ARCH = YES;
				SDKROOT = macosx;
			};
			name = Debug;
		};
		47AF1CE31995E80600834684 /* Release */ = {
			isa = XCBuildConfiguration;
			buildSettings = {
				ALWAYS_SEARCH_USER_PATHS = NO;
				CLANG_CXX_LANGUAGE_STANDARD = "gnu++0x";
				CLANG_CXX_LIBRARY = "libc++";
				CLANG_ENABLE_MODULES = YES;
				CLANG_ENABLE_OBJC_ARC = YES;
				CLANG_WARN_BOOL_CONVERSION = YES;
				CLANG_WARN_CONSTANT_CONVERSION = YES;
				CLANG_WARN_DIRECT_OBJC_ISA_USAGE = YES_ERROR;
				CLANG_WARN_EMPTY_BODY = YES;
				CLANG_WARN_ENUM_CONVERSION = YES;
				CLANG_WARN_INT_CONVERSION = YES;
				CLANG_WARN_OBJC_ROOT_CLASS = YES_ERROR;
				CLANG_WARN__DUPLICATE_METHOD_MATCH = YES;
				COPY_PHASE_STRIP = YES;
				DEBUG_INFORMATION_FORMAT = "dwarf-with-dsym";
				ENABLE_NS_ASSERTIONS = NO;
				GCC_C_LANGUAGE_STANDARD = gnu99;
				GCC_ENABLE_OBJC_EXCEPTIONS = YES;
				GCC_WARN_64_TO_32_BIT_CONVERSION = YES;
				GCC_WARN_ABOUT_RETURN_TYPE = YES_ERROR;
				GCC_WARN_UNDECLARED_SELECTOR = YES;
				GCC_WARN_UNINITIALIZED_AUTOS = YES_AGGRESSIVE;
				GCC_WARN_UNUSED_FUNCTION = YES;
				GCC_WARN_UNUSED_VARIABLE = YES;
				MACOSX_DEPLOYMENT_TARGET = 10.9;
				SDKROOT = macosx;
			};
			name = Release;
		};
		47AF1CFC1995E8CF00834684 /* Debug */ = {
			isa = XCBuildConfiguration;
			buildSettings = {
				GCC_PRECOMPILE_PREFIX_HEADER = YES;
				GCC_PREFIX_HEADER = "src/sample/FMDBOrmHandler-Prefix.pch";
				GCC_PREPROCESSOR_DEFINITIONS = (
					"DEBUG=1",
					"$(inherited)",
				);
				PRODUCT_NAME = "$(TARGET_NAME)";
			};
			name = Debug;
		};
		47AF1CFD1995E8CF00834684 /* Release */ = {
			isa = XCBuildConfiguration;
			buildSettings = {
				GCC_PRECOMPILE_PREFIX_HEADER = YES;
				GCC_PREFIX_HEADER = "src/sample/FMDBOrmHandler-Prefix.pch";
				PRODUCT_NAME = "$(TARGET_NAME)";
			};
			name = Release;
		};
		47AF1D3F1995EDA300834684 /* Debug */ = {
			isa = XCBuildConfiguration;
			buildSettings = {
				FRAMEWORK_SEARCH_PATHS = (
					"$(DEVELOPER_FRAMEWORKS_DIR)",
					"$(inherited)",
				);
				GCC_PRECOMPILE_PREFIX_HEADER = YES;
				GCC_PREFIX_HEADER = "MyTests/MyTests-Prefix.pch";
				GCC_PREPROCESSOR_DEFINITIONS = (
					"DEBUG=1",
					"$(inherited)",
				);
				INFOPLIST_FILE = "MyTests/MyTests-Info.plist";
				PRODUCT_NAME = "$(TARGET_NAME)";
				WRAPPER_EXTENSION = xctest;
			};
			name = Debug;
		};
		47AF1D401995EDA300834684 /* Release */ = {
			isa = XCBuildConfiguration;
			buildSettings = {
				FRAMEWORK_SEARCH_PATHS = (
					"$(DEVELOPER_FRAMEWORKS_DIR)",
					"$(inherited)",
				);
				GCC_PRECOMPILE_PREFIX_HEADER = YES;
				GCC_PREFIX_HEADER = "MyTests/MyTests-Prefix.pch";
				INFOPLIST_FILE = "MyTests/MyTests-Info.plist";
				PRODUCT_NAME = "$(TARGET_NAME)";
				WRAPPER_EXTENSION = xctest;
			};
			name = Release;
		};
/* End XCBuildConfiguration section */

/* Begin XCConfigurationList section */
		47AF1CD11995E80500834684 /* Build configuration list for PBXProject "FMDBOrmHandler" */ = {
			isa = XCConfigurationList;
			buildConfigurations = (
				47AF1CE21995E80600834684 /* Debug */,
				47AF1CE31995E80600834684 /* Release */,
			);
			defaultConfigurationIsVisible = 0;
			defaultConfigurationName = Release;
		};
		47AF1CFB1995E8CF00834684 /* Build configuration list for PBXNativeTarget "FMDBOrmHandler" */ = {
			isa = XCConfigurationList;
			buildConfigurations = (
				47AF1CFC1995E8CF00834684 /* Debug */,
				47AF1CFD1995E8CF00834684 /* Release */,
			);
			defaultConfigurationIsVisible = 0;
			defaultConfigurationName = Release;
		};
		47AF1D3E1995EDA300834684 /* Build configuration list for PBXNativeTarget "MyTests" */ = {
			isa = XCConfigurationList;
			buildConfigurations = (
				47AF1D3F1995EDA300834684 /* Debug */,
				47AF1D401995EDA300834684 /* Release */,
			);
			defaultConfigurationIsVisible = 0;
		};
/* End XCConfigurationList section */
	};
	rootObject = 47AF1CCE1995E80500834684 /* Project object */;
}
